{
  "version": "3",
  "packages": {
    "specifiers": {
      "jsr:@std/collections@^0.224.2": "jsr:@std/collections@0.224.2",
      "npm:@atproto/api": "npm:@atproto/api@0.3.7",
      "npm:chalk@5.0.1": "npm:chalk@5.0.1"
    },
    "jsr": {
      "@std/collections@0.224.2": {
        "integrity": "e77819455294e92d4e7ddad1dbfd46f94174c09318e541e6621fac4a4d0ab326"
      }
    },
    "npm": {
      "@atproto/api@0.2.7": {
        "integrity": "sha512-Sz+lLD5apC2f0FSClkElIrt4w+aLgzqJ/wqtFO7xuQH8+hGfxdfGuVIK5GEDQ7epeDlWvVhVSouP6ZdGSKKtSA==",
        "dependencies": {
          "@atproto/common-web": "@atproto/common-web@0.1.0",
          "@atproto/uri": "@atproto/uri@0.0.2",
          "@atproto/xrpc": "@atproto/xrpc@0.1.0",
          "tlds": "tlds@1.238.0",
          "typed-emitter": "typed-emitter@2.1.0"
        }
      },
      "@atproto/api@0.3.7": {
        "integrity": "sha512-JHN3rHNGro4AaJWU64hsmpTUzd2+FbfMBiDkqyBmoKtj972ueBJeH8tz6WdnPcsIRfCj1kRthKFj2yJwgt6aSQ==",
        "dependencies": {
          "@atproto/common-web": "@atproto/common-web@0.1.0",
          "@atproto/uri": "@atproto/uri@0.0.2",
          "@atproto/xrpc": "@atproto/xrpc@0.1.0",
          "tlds": "tlds@1.238.0",
          "typed-emitter": "typed-emitter@2.1.0"
        }
      },
      "@atproto/common-web@0.1.0": {
        "integrity": "sha512-qD6xF60hvH+cP++fk/mt+0S9cxs94KsK+rNWypNlgnlp7r9By4ltXwtDSR/DNTA8mwDeularUno4VbTd2IWIzA==",
        "dependencies": {
          "multiformats": "multiformats@9.9.0",
          "uint8arrays": "uint8arrays@3.0.0",
          "zod": "zod@3.21.4"
        }
      },
      "@atproto/identifier@0.1.0": {
        "integrity": "sha512-3LV7+4E6S0k8Rru7NBkyDF6Zf6NHVUXVS9d4l9fiXWMC49ghZMjq0vPmz80xjG1rRuFdJFbpRf4ApFciGxLIyQ==",
        "dependencies": {
          "@atproto/common-web": "@atproto/common-web@0.1.0"
        }
      },
      "@atproto/lexicon@0.1.0": {
        "integrity": "sha512-Iy+gV9w42xLhrZrmcbZh7VFoHjXuzWvecGHIfz44owNjjv7aE/d2P5BbOX/XicSkmQ8Qkpg0BqwYDD1XBVS+DQ==",
        "dependencies": {
          "@atproto/common-web": "@atproto/common-web@0.1.0",
          "@atproto/identifier": "@atproto/identifier@0.1.0",
          "@atproto/nsid": "@atproto/nsid@0.0.1",
          "@atproto/uri": "@atproto/uri@0.0.2",
          "iso-datestring-validator": "iso-datestring-validator@2.2.2",
          "multiformats": "multiformats@9.9.0",
          "zod": "zod@3.21.4"
        }
      },
      "@atproto/nsid@0.0.1": {
        "integrity": "sha512-t5M6/CzWBVYoBbIvfKDpqPj/+ZmyoK9ydZSStcTXosJ27XXwOPhz0VDUGKK2SM9G5Y7TPes8S5KTAU0UdVYFCw==",
        "dependencies": {}
      },
      "@atproto/uri@0.0.2": {
        "integrity": "sha512-/6otLZF7BLpT9suSdHuXLbL12nINcWPsLmcOI+dctqovWUjH+XIRVNXDQgBYSrPVetxMiknuEwWelmnA33AEXg==",
        "dependencies": {
          "@atproto/identifier": "@atproto/identifier@0.1.0",
          "@atproto/nsid": "@atproto/nsid@0.0.1"
        }
      },
      "@atproto/xrpc@0.1.0": {
        "integrity": "sha512-LhBeZkQwPezjEtricGYnG62udFglOqlnmMSS0KyWgEAPi4KMp4H2F4jNoXcf5NPtZ9S4N4hJaErHX4PJYv2lfA==",
        "dependencies": {
          "@atproto/lexicon": "@atproto/lexicon@0.1.0",
          "zod": "zod@3.21.4"
        }
      },
      "chalk@5.0.1": {
        "integrity": "sha512-Fo07WOYGqMfCWHOzSXOt2CxDbC6skS/jO9ynEcmpANMoPrD+W1r1K6Vx7iNm+AQmETU1Xr2t+n8nzkV9t6xh3w==",
        "dependencies": {}
      },
      "iso-datestring-validator@2.2.2": {
        "integrity": "sha512-yLEMkBbLZTlVQqOnQ4FiMujR6T4DEcCb1xizmvXS+OxuhwcbtynoosRzdMA69zZCShCNAbi+gJ71FxZBBXx1SA==",
        "dependencies": {}
      },
      "multiformats@9.9.0": {
        "integrity": "sha512-HoMUjhH9T8DDBNT+6xzkrd9ga/XiBI4xLr58LJACwK6G3HTOPeMz4nB4KJs33L2BelrIJa7P0VuNaVF3hMYfjg==",
        "dependencies": {}
      },
      "rxjs@7.8.0": {
        "integrity": "sha512-F2+gxDshqmIub1KdvZkaEfGDwLNpPvk9Fs6LD/MyQxNgMds/WH9OdDDXOmxUZpME+iSK3rQCctkL0DYyytUqMg==",
        "dependencies": {
          "tslib": "tslib@2.5.0"
        }
      },
      "tlds@1.238.0": {
        "integrity": "sha512-lFPF9pZFhLrPodaJ0wt9QIN0l8jOxqmUezGZnm7BfkDSVd9q667oVIJukLVzhF+4oW7uDlrLlfJrL5yu9RWwew==",
        "dependencies": {}
      },
      "tslib@2.5.0": {
        "integrity": "sha512-336iVw3rtn2BUK7ORdIAHTyxHGRIHVReokCR3XjbckJMK7ms8FysBfhLR8IXnAgy7T0PTPNBWKiH514FOW/WSg==",
        "dependencies": {}
      },
      "typed-emitter@2.1.0": {
        "integrity": "sha512-g/KzbYKbH5C2vPkaXGu8DJlHrGKHLsM25Zg9WuC9pMGfuvT+X25tZQWo5fK1BjBm8+UrVE9LDCvaY0CQk+fXDA==",
        "dependencies": {
          "rxjs": "rxjs@7.8.0"
        }
      },
      "uint8arrays@3.0.0": {
        "integrity": "sha512-HRCx0q6O9Bfbp+HHSfQQKD7wU70+lydKVt4EghkdOvlK/NlrF90z+eXV34mUd48rNvVJXwkrMSPpCATkct8fJA==",
        "dependencies": {
          "multiformats": "multiformats@9.9.0"
        }
      },
      "zod@3.21.4": {
        "integrity": "sha512-m46AKbrzKVzOzs/DZgVnG5H55N1sv1M8qZU3A8RIKbs3mrACDNeIOeilDymVb2HdmP8uwshOCF4uJ8uM9rCqJw==",
        "dependencies": {}
      }
    }
  },
  "redirects": {
    "https://deno.land/x/deno_dom/deno-dom-wasm.ts": "https://deno.land/x/deno_dom@v0.1.45/deno-dom-wasm.ts",
    "https://deno.land/x/rss/mod.ts": "https://deno.land/x/rss@1.0.0/mod.ts",
    "https://pax.deno.dev/kawarimidoll/deno-textdb/textdb.ts": "https://raw.githubusercontent.com/kawarimidoll/deno-textdb/master/textdb.ts"
  },
  "remote": {
    "https://code4fukui.github.io/TinySegmenter/TinySegmenter.js": "f70920e7cb9bd436553986bdd3e556b59a6f3b622c6a57a2cf8ff5b08be1e701",
    "https://deno.land/std@0.182.0/fmt/colors.ts": "d67e3cd9f472535241a8e410d33423980bec45047e343577554d3356e1f0ef4e",
    "https://deno.land/std@0.182.0/testing/_diff.ts": "1a3c044aedf77647d6cac86b798c6417603361b66b54c53331b312caeb447aea",
    "https://deno.land/std@0.182.0/testing/_format.ts": "a69126e8a469009adf4cf2a50af889aca364c349797e63174884a52ff75cf4c7",
    "https://deno.land/std@0.182.0/testing/asserts.ts": "e16d98b4d73ffc4ed498d717307a12500ae4f2cbe668f1a215632d19fcffc22f",
    "https://deno.land/std@0.183.0/collections/filter_values.ts": "5b9feaf17b9a6e5ffccdd36cf6f38fa4ffa94cff2602d381c2ad0c2a97929652",
    "https://deno.land/std@0.183.0/collections/without_all.ts": "a89f5da0b5830defed4f59666e188df411d8fece35a5f6ca69be6ca71a95c185",
    "https://deno.land/std@0.183.0/dotenv/load.ts": "0636983549b98f29ab75c9a22a42d9723f0a389ece5498fe971e7bb2556a12e2",
    "https://deno.land/std@0.183.0/dotenv/mod.ts": "e4c3cdbe11f05340e1217a4ebe2e6f2eef49e11c8d7d2595bb977923a396e18b",
    "https://deno.land/std@0.190.0/collections/chunk.ts": "541f4b537109163f859e7b2e2ff6245669cf4d7feaeae9674b01e1acf3929291",
    "https://deno.land/std@0.190.0/collections/filter_values.ts": "5b9feaf17b9a6e5ffccdd36cf6f38fa4ffa94cff2602d381c2ad0c2a97929652",
    "https://deno.land/std@0.190.0/collections/without_all.ts": "a89f5da0b5830defed4f59666e188df411d8fece35a5f6ca69be6ca71a95c185",
    "https://deno.land/std@0.190.0/dotenv/load.ts": "0636983549b98f29ab75c9a22a42d9723f0a389ece5498fe971e7bb2556a12e2",
    "https://deno.land/std@0.190.0/dotenv/mod.ts": "f5a8123741d1561ae8184a7f043bc097b15132c5171c651142b804b6dbc21853",
    "https://deno.land/std@0.217.0/collections/chunk.ts": "e6e533d6ae047f2082892831d463426f79cdd0d3f09ce298317a8469abf8467e",
    "https://deno.land/std@0.217.0/dotenv/load.ts": "587b342f0f6a3df071331fe6ba1c823729ab68f7d53805809475e486dd4161d7",
    "https://deno.land/std@0.217.0/dotenv/mod.ts": "0180eaeedaaf88647318811cdaa418cc64dc51fb08354f91f5f480d0a1309f7d",
    "https://deno.land/std@0.217.0/dotenv/parse.ts": "a49ed243bd62ec26f38614042cda4e5e3a47b18337c93b0f9f8556a5c918884b",
    "https://deno.land/std@0.217.0/dotenv/stringify.ts": "0047ad7068289735d08964046aea267a750c141b494ca0e38831b89be6c020c2",
    "https://deno.land/x/deno_dom@v0.1.45/build/deno-wasm/deno-wasm.js": "d6841a06342eb6a2798ef28de79ad69c0f2fa349fa04d3ca45e5fcfbf50a9340",
    "https://deno.land/x/deno_dom@v0.1.45/deno-dom-wasm.ts": "a33d160421bbb6e3104285ea5ebf33352b7ad50d82ea8765e3cf65f972b25119",
    "https://deno.land/x/deno_dom@v0.1.45/src/api.ts": "0ff5790f0a3eeecb4e00b7d8fbfa319b165962cf6d0182a65ba90f158d74f7d7",
    "https://deno.land/x/deno_dom@v0.1.45/src/constructor-lock.ts": "59714df7e0571ec7bd338903b1f396202771a6d4d7f55a452936bd0de9deb186",
    "https://deno.land/x/deno_dom@v0.1.45/src/deserialize.ts": "1cf4096678d8afed8ed28dbad690504c4d2c28149ba768b26eacd1416873425b",
    "https://deno.land/x/deno_dom@v0.1.45/src/dom/document-fragment.ts": "1c7352a3c816587ed7fad574b42636198f680f17abc3836fcfe7799b31e7718f",
    "https://deno.land/x/deno_dom@v0.1.45/src/dom/document.ts": "a182727dd9179e5712e31be66f4f72b766a5b714c765a75950babe6dd756b4ee",
    "https://deno.land/x/deno_dom@v0.1.45/src/dom/dom-parser.ts": "609097b426f8c2358f3e5d2bca55ed026cf26cdf86562e94130dfdb0f2537f92",
    "https://deno.land/x/deno_dom@v0.1.45/src/dom/element.ts": "d5371cd83ff2128353c1975465c368ef83d7441568626b386557deba51315111",
    "https://deno.land/x/deno_dom@v0.1.45/src/dom/elements/html-template-element.ts": "740b97a5378c9a14cccf3429299846eda240b613013e2d2d7f20b393897453c2",
    "https://deno.land/x/deno_dom@v0.1.45/src/dom/html-collection.ts": "829a965f419f8286d5f43a12e27886d10836d519ca2d5e74cb3f2e1d35f35746",
    "https://deno.land/x/deno_dom@v0.1.45/src/dom/node-list.ts": "9008303fe236e40e74f9f93e398bd173d2e9b09065932a0153dd0142c759397b",
    "https://deno.land/x/deno_dom@v0.1.45/src/dom/node.ts": "3069e6fc93ac4111a136ed68199d76673339842b9751610ba06f111ba7dc10a7",
    "https://deno.land/x/deno_dom@v0.1.45/src/dom/selectors/custom-api.ts": "852696bd58e534bc41bd3be9e2250b60b67cd95fd28ed16b1deff1d548531a71",
    "https://deno.land/x/deno_dom@v0.1.45/src/dom/selectors/nwsapi-types.ts": "c43b36c36acc5d32caabaa54fda8c9d239b2b0fcbce9a28efb93c84aa1021698",
    "https://deno.land/x/deno_dom@v0.1.45/src/dom/selectors/nwsapi.js": "985d7d8fc1eabbb88946b47a1c44c1b2d4aa79ff23c21424219f1528fa27a2ff",
    "https://deno.land/x/deno_dom@v0.1.45/src/dom/selectors/selectors.ts": "83eab57be2290fb48e3130533448c93c6c61239f2a2f3b85f1917f80ca0fdc75",
    "https://deno.land/x/deno_dom@v0.1.45/src/dom/selectors/sizzle-types.ts": "78149e2502409989ce861ed636b813b059e16bc267bb543e7c2b26ef43e4798b",
    "https://deno.land/x/deno_dom@v0.1.45/src/dom/selectors/sizzle.js": "c3aed60c1045a106d8e546ac2f85cc82e65f62d9af2f8f515210b9212286682a",
    "https://deno.land/x/deno_dom@v0.1.45/src/dom/utils-types.ts": "96db30e3e4a75b194201bb9fa30988215da7f91b380fca6a5143e51ece2a8436",
    "https://deno.land/x/deno_dom@v0.1.45/src/dom/utils.ts": "4c6206516fb8f61f37a209c829e812c4f5a183e46d082934dd14c91bde939263",
    "https://deno.land/x/deno_dom@v0.1.45/src/parser.ts": "e06b2300d693e6ae7564e53dfa5c9a9e97fdb8c044c39c52c8b93b5d60860be3",
    "https://deno.land/x/openai@v4.47.1/_shims/MultipartBody.ts": "fe06a56b54ae358c9cf99823096e34b36795fdba2e17513f0e9539210edd797d",
    "https://deno.land/x/openai@v4.47.1/_shims/mod.ts": "2e253cb26bfa7060bd37e45626e60e4bf3e7b3fb3e0f559fdfdeef94c73f9372",
    "https://deno.land/x/openai@v4.47.1/core.ts": "9dff3286285b5240ea17051ea82dff6040b90e40aa56653b483a02ed9c11766d",
    "https://deno.land/x/openai@v4.47.1/error.ts": "a8721373ee2bb58af749b537af4adf320f73b576b9f4263072e98c4a099578ad",
    "https://deno.land/x/openai@v4.47.1/lib/AbstractAssistantStreamRunner.ts": "2e7a0a6c3dc541d8eea15f0c2c6c394a4373458707103c210a4c7d1ddb04f5b7",
    "https://deno.land/x/openai@v4.47.1/lib/AbstractChatCompletionRunner.ts": "0b2442b11f59559f1e8d67b2083dd948a7e9d1b7163de968dd290255c19242ce",
    "https://deno.land/x/openai@v4.47.1/lib/AssistantStream.ts": "00257f487b45d1f0d4edf859da067c0d48e65b1b08400004a54ce572611d0cb2",
    "https://deno.land/x/openai@v4.47.1/lib/ChatCompletionRunner.ts": "0d1cc40d99cd64b7d573ab95f9cb75750f24f9829da91e12573122842985a2d0",
    "https://deno.land/x/openai@v4.47.1/lib/ChatCompletionStream.ts": "e5721b3a8c1edb8442c4ab11db947ae2437c6fc999fc2b53d3b1f4b3c27b3549",
    "https://deno.land/x/openai@v4.47.1/lib/ChatCompletionStreamingRunner.ts": "9bcaae3760dd5f9b54d5d4b2ba79b8731bb3dc79214c26e5d0bbdfe809747dd2",
    "https://deno.land/x/openai@v4.47.1/lib/RunnableFunction.ts": "f45a16776de983da6b65e5748eb2c581b6ea9d3849bda0026f24659cf0be2d2c",
    "https://deno.land/x/openai@v4.47.1/lib/Util.ts": "aa555aecdbba8b0ae2e8a982a6797cabc0942fa0d2e99ce629d243d9032941b8",
    "https://deno.land/x/openai@v4.47.1/lib/chatCompletionUtils.ts": "4991d3e698a54f8e4273eb0f1d73851f7ba549a0a32fabbcd739627677003cb9",
    "https://deno.land/x/openai@v4.47.1/lib/jsonschema.ts": "ed31a7861e19e505c43aa7612579b2739243ee8e8dd47ccb5f8908fa5ff3b5f0",
    "https://deno.land/x/openai@v4.47.1/mod.ts": "26b9d3b284e56d232f41f6c25c44d00c25a2f4998ed943b456c078d84295fc28",
    "https://deno.land/x/openai@v4.47.1/pagination.ts": "02a6737ca6c987cab6effa2788327d022b9e0edc95dd98db0be986383f484e22",
    "https://deno.land/x/openai@v4.47.1/resource.ts": "c496dbda8dc6324d25fcef3d7233310935259d6aa0baf4b0d95039e4913f6380",
    "https://deno.land/x/openai@v4.47.1/resources/audio/audio.ts": "baddf217421e2c09aa67d6977d9d98bc119edb7167ae6fd3e821778d8c702f19",
    "https://deno.land/x/openai@v4.47.1/resources/audio/speech.ts": "bc653097f1bb269c7344d8ef01251f6b8d2fa6df8fcc0856a80a46b901941cef",
    "https://deno.land/x/openai@v4.47.1/resources/audio/transcriptions.ts": "46398700125fe555415cff2bc70edb71b4969f6dda2e18af4916c6c21269120f",
    "https://deno.land/x/openai@v4.47.1/resources/audio/translations.ts": "ff91c4bd465448e1adc6206bc4824ff6b6869a82b2275976f874bcce61dca24c",
    "https://deno.land/x/openai@v4.47.1/resources/batches.ts": "8d092aa18cd6576c116b57df2ce5bad07ab7366d154179eec3769a58f65d61c0",
    "https://deno.land/x/openai@v4.47.1/resources/beta/assistants.ts": "a5957da499130073f8fd9de2786ab9d2746298aa492ad8b54fa0dcf26831eea0",
    "https://deno.land/x/openai@v4.47.1/resources/beta/beta.ts": "2e4c2ad66515f2ec5a1e3a2ccb6f29425b5a06bf2b8a600efb3e4303e61e516a",
    "https://deno.land/x/openai@v4.47.1/resources/beta/chat/chat.ts": "80dc8786a4b895e9fb152495496f44ac669e95fbb9c2f5a3c0bd379f408b1e1c",
    "https://deno.land/x/openai@v4.47.1/resources/beta/chat/completions.ts": "5e15cb9095f34d2a51e6e79a83dc5a53dc32e9ab99e607ba59732271612ffd19",
    "https://deno.land/x/openai@v4.47.1/resources/beta/threads/messages.ts": "ac01ac8731341ea9f67d7a7981719c3f836998a2931226a7cdb41cd567505231",
    "https://deno.land/x/openai@v4.47.1/resources/beta/threads/runs/runs.ts": "b31cf0394da3ecc1eec7310267b1afd8849d0be2dac22b2c3fbbf32abcdd03cf",
    "https://deno.land/x/openai@v4.47.1/resources/beta/threads/runs/steps.ts": "5779f252e93f661bdcf391ec8ba41589fec252862b072f7517a0dc858c323595",
    "https://deno.land/x/openai@v4.47.1/resources/beta/threads/threads.ts": "c998162af372efde1fe066fa31da40e6adcb054752b1a480e8147a64f2d027a3",
    "https://deno.land/x/openai@v4.47.1/resources/beta/vector-stores/file-batches.ts": "b9d53202a8ac6f831f60900fba8238d038a511f0bd5c276ac99b548e26e6753c",
    "https://deno.land/x/openai@v4.47.1/resources/beta/vector-stores/files.ts": "731c7f8b6438b321250e1688261aa370f68589cadf2fc928588c2056805ac145",
    "https://deno.land/x/openai@v4.47.1/resources/beta/vector-stores/vector-stores.ts": "84eae37119d2e0ab41cdd10e8a2432ce0a5c36b62c47442e204bc5d2344e21df",
    "https://deno.land/x/openai@v4.47.1/resources/chat/chat.ts": "35c93c4388e9727fff7dcec6f09eb82d8b9f6d246b34ec219741b26e2d1c78de",
    "https://deno.land/x/openai@v4.47.1/resources/chat/completions.ts": "90e61fd0ee10ac7bc23391a226e8dc33af4f0337d204dddcfa5bc515756fee90",
    "https://deno.land/x/openai@v4.47.1/resources/chat/mod.ts": "533faa7d352b1291cac0200a91e5c638361070285336631a76a0a26debc99d60",
    "https://deno.land/x/openai@v4.47.1/resources/completions.ts": "fc5ff206f8956e3bbc6183dd0661fc58b064d06beab11655b6162157e8896c4a",
    "https://deno.land/x/openai@v4.47.1/resources/embeddings.ts": "4009ae23c3d376826a080553feed55e32e3be959ba4543b9377aaa2537ef78d4",
    "https://deno.land/x/openai@v4.47.1/resources/files.ts": "3540f5a44213a117883bed29c0ce3a3ff51fa478eb1476eb471e5313453a1142",
    "https://deno.land/x/openai@v4.47.1/resources/fine-tuning/fine-tuning.ts": "5cb89d96fc6d914ae2d68257a4d08a1f12c140c12b7892a14393177ca9c4ca2b",
    "https://deno.land/x/openai@v4.47.1/resources/fine-tuning/jobs/checkpoints.ts": "0b225258a1e92a81c992721bf4259ec4eccd6225562cf576432e97ee838ccc67",
    "https://deno.land/x/openai@v4.47.1/resources/fine-tuning/jobs/jobs.ts": "3ba2d5902781ba139790959a7f8d81ecfcb360ed84f7d515ec3b1da47ddb2e0c",
    "https://deno.land/x/openai@v4.47.1/resources/images.ts": "412919440b470e346df93bae418506f4da5202b38bd15b415140d105cb29b19d",
    "https://deno.land/x/openai@v4.47.1/resources/mod.ts": "8f81e21bf165952f01e2ac9a6a05d1e1c3e820611f61ee62148cb878b2f92131",
    "https://deno.land/x/openai@v4.47.1/resources/models.ts": "1ed29e3f7126c2574ba5567646a66495916d52dc754c3b3c435cd9329997ab2b",
    "https://deno.land/x/openai@v4.47.1/resources/moderations.ts": "fbda1ed24bcbed6627b611c58964b706e88aac848b5efbec0cc1c45320d53236",
    "https://deno.land/x/openai@v4.47.1/resources/shared.ts": "9bebeb0cc046505283141127639d83565cb36c981d7650ef00b832f497196298",
    "https://deno.land/x/openai@v4.47.1/streaming.ts": "04f85a25d5143758473521223e58003a59cc617fa57755e5a62ba96741cb50ef",
    "https://deno.land/x/openai@v4.47.1/uploads.ts": "33857c766326193dd038ca77382f3b361ef92038a938de312f3f95aa77531a46",
    "https://deno.land/x/openai@v4.47.1/version.ts": "a0fe547151f0a3c5e18b3a2389741f8858e12350bf06b43eac30dc20c4bc71f2",
    "https://deno.land/x/rss@1.0.0/deps.ts": "70fff553732037df617f449d8910690b68bdd4da4f22c62d839cfa7aef100fd3",
    "https://deno.land/x/rss@1.0.0/mod.ts": "6a6478e0c11eb8dc60a61d8c3c809ae8b12738d399b820856a6a514faa3b4ff6",
    "https://deno.land/x/rss@1.0.0/src/deserializer.ts": "a8b3f54e64bfc23df205c37d3e4df7e9e40e3aac0fd330de4fab5a787e8b4c1c",
    "https://deno.land/x/rss@1.0.0/src/mappers/mapper.ts": "a141894e5da4259670a7afe2b39782147aadee2b4ef40b2155a3485d98c7c6a7",
    "https://deno.land/x/rss@1.0.0/src/mappers/media_mapper.ts": "d21314dc8d687cc7976c81b94d1e92bcb840f9a3cc59cfeef82a4835d60f6a2f",
    "https://deno.land/x/rss@1.0.0/src/mappers/mod.ts": "967fc998d9b9fce635a2bf326d876e2d42d9e69fd9666efdd28d4aaff3ab94b1",
    "https://deno.land/x/rss@1.0.0/src/resolvers/atom_resolver.ts": "41107cc3c57f7b51b5a8c425bb7bf91773e9d8ace01fa6c0f1df8352532d46dd",
    "https://deno.land/x/rss@1.0.0/src/resolvers/dublin_core_resolver.ts": "cdc12e443e3ce7d96b839b7ed6e97d26f0500c4bd1c8051a88871fd9fce3bcd7",
    "https://deno.land/x/rss@1.0.0/src/resolvers/media_rss_resolver.ts": "d40784e616b98d83d4a6f0d7b8e31199096a4172f7fe401c871ad504bc556a3b",
    "https://deno.land/x/rss@1.0.0/src/resolvers/mod.ts": "063f3341070fa0e69cea48a9387a226e0a1c500193d7e75cb25b0a870717c8fa",
    "https://deno.land/x/rss@1.0.0/src/resolvers/rss1_resolver.ts": "76292ebe5ab13aa17408288f62d19bdd78c74b47307e2db7fc0df595305d37a4",
    "https://deno.land/x/rss@1.0.0/src/resolvers/rss2_resolver.ts": "a82b0e9e5ba0f73d4bd924de12b0d02575a2fc56142bea534a83e632bb166b97",
    "https://deno.land/x/rss@1.0.0/src/resolvers/slash_resolver.ts": "ea904b557a18961077bb974cea64629fd46f0cc5964fd8e66eaaeca5f0682ce4",
    "https://deno.land/x/rss@1.0.0/src/types/feed_type.ts": "b2098f23982be344a19f00915437550d1e4002fb653ac9e34455a90119ee4e6c",
    "https://deno.land/x/rss@1.0.0/src/types/fields/atom_fields.ts": "85bf1a4b3e917baa3c94f3fba8283b678d5a10e78a16c42cfa19b2ee0bf210b3",
    "https://deno.land/x/rss@1.0.0/src/types/fields/dublin_core_fields.ts": "fd6b7e5b660a4f99cabb7a62ae91ab48579de340e57c8dd7ad62c992e64c1644",
    "https://deno.land/x/rss@1.0.0/src/types/fields/media_rss_fields.ts": "076b1e23b6ca99002ffb13e5859164acdf45617aea90440acc75fb28f3aa00b4",
    "https://deno.land/x/rss@1.0.0/src/types/fields/mod.ts": "cdcbf786f30577d8e95648f10a6a1a069e6f68ba749e3b753caff94f205ddaaa",
    "https://deno.land/x/rss@1.0.0/src/types/fields/rss1_fields.ts": "04da9ca7d3fe2b59626c6b3bd18bfd41bf1b1531bc33f2d4f420f10da4e84f7e",
    "https://deno.land/x/rss@1.0.0/src/types/fields/rss2_fields.ts": "c5041472e42cdf04e9f6b2e6e2e334b016aff40524c9a4a4f2c3a5875f9508ea",
    "https://deno.land/x/rss@1.0.0/src/types/fields/slash_fields.ts": "11a1cf81744fe3b2bddbcf3a3ce6f86406d250198ef8c41e6fa58dd652e2e466",
    "https://deno.land/x/rss@1.0.0/src/types/internal/internal_dublin_core.ts": "9f3d63a2386335c8bfe03d3ca3aa6e71f437edb2df0c29f1317308f35cdbcfea",
    "https://deno.land/x/rss@1.0.0/src/types/mod.ts": "c8daacf748276644389dd3c8d9c5e6c964707cc59b719b35aa1a424d453d543c",
    "https://deno.land/x/rss@1.0.0/src/types/slash.ts": "9a08968ef416f818de3ab9778650fa0b586f9c8c60369bdbd365ba110c5f6f05",
    "https://deno.land/x/rss@1.0.0/src/util.ts": "a6611bcea8acf000eb01220092f1bea6c18aaf3ad82578c60563f25f6260c080",
    "https://deno.land/x/sax_ts@v1.2.12/src/sax.ts": "3b8303be055b59501d598fa6c6374b97cef1526f9f14ffe03d169f83ededae6c",
    "https://raw.githubusercontent.com/kawarimidoll/deno-textdb/master/textdb.ts": "d22d25e768c846304eb67501578836c9ff241daf04dcb69c447335b02c6967fd"
  }
}
