{
  "nodes": {
    "arto": {
      "inputs": {
        "crane": [
          "crane"
        ],
        "nixpkgs": [
          "nixpkgs"
        ]
      },
      "locked": {
        "lastModified": 1777086482,
        "narHash": "sha256-FtBcdM2gee17G75AreuwYd7HajB5bv4lwu8om5pSG3U=",
        "owner": "arto-app",
        "repo": "Arto",
        "rev": "236411f5f547525e0acfa4bf1c9b888cf16463c5",
        "type": "github"
      },
      "original": {
        "owner": "arto-app",
        "repo": "Arto",
        "type": "github"
      }
    },
    "blueprint": {
      "inputs": {
        "nixpkgs": [
          "llm-agents",
          "nixpkgs"
        ],
        "systems": [
          "llm-agents",
          "systems"
        ]
      },
      "locked": {
        "lastModified": 1776249299,
        "narHash": "sha256-Dt9t1TGRmJFc0xVYhttNBD6QsAgHOHCArqGa0AyjrJY=",
        "owner": "numtide",
        "repo": "blueprint",
        "rev": "56131e8628f173d24a27f6d27c0215eff57e40dd",
        "type": "github"
      },
      "original": {
        "owner": "numtide",
        "repo": "blueprint",
        "type": "github"
      }
    },
    "bun2nix": {
      "inputs": {
        "flake-parts": [
          "flake-parts"
        ],
        "import-tree": "import-tree",
        "nixpkgs": [
          "nixpkgs"
        ],
        "systems": [
          "systems"
        ],
        "treefmt-nix": [
          "treefmt-nix"
        ]
      },
      "locked": {
        "lastModified": 1770895533,
        "narHash": "sha256-v3QaK9ugy9bN9RXDnjw0i2OifKmz2NnKM82agtqm/UY=",
        "owner": "nix-community",
        "repo": "bun2nix",
        "rev": "c843f477b15f51151f8c6bcc886954699440a6e1",
        "type": "github"
      },
      "original": {
        "owner": "nix-community",
        "repo": "bun2nix",
        "type": "github"
      }
    },
    "cage": {
      "inputs": {
        "flake-parts": [
          "flake-parts"
        ],
        "git-hooks": [
          "git-hooks"
        ],
        "nixpkgs": [
          "nixpkgs"
        ],
        "treefmt-nix": [
          "treefmt-nix"
        ]
      },
      "locked": {
        "lastModified": 1772335827,
        "narHash": "sha256-5sbb4zXpGpNRi/7fv+Ggsgu3WRXp65O6zOnio8/0LSg=",
        "owner": "Warashi",
        "repo": "cage",
        "rev": "9105203dabbb1f5d6c21f6bbe58780e755760b9c",
        "type": "github"
      },
      "original": {
        "owner": "Warashi",
        "repo": "cage",
        "type": "github"
      }
    },
    "crane": {
      "locked": {
        "lastModified": 1777149905,
        "narHash": "sha256-WMC5ktOHtCyJL/jtlf46P+I4Vhw938+oLlSpM8gwQwU=",
        "owner": "ipetkov",
        "repo": "crane",
        "rev": "60c829383710f7e26454e6677c4d3adbc56dd3b8",
        "type": "github"
      },
      "original": {
        "owner": "ipetkov",
        "repo": "crane",
        "type": "github"
      }
    },
    "flake-compat": {
      "flake": false,
      "locked": {
        "lastModified": 1767039857,
        "narHash": "sha256-vNpUSpF5Nuw8xvDLj2KCwwksIbjua2LZCqhV1LNRDns=",
        "owner": "edolstra",
        "repo": "flake-compat",
        "rev": "5edf11c44bc78a0d334f6334cdaf7d60d732daab",
        "type": "github"
      },
      "original": {
        "owner": "edolstra",
        "repo": "flake-compat",
        "type": "github"
      }
    },
    "flake-parts": {
      "inputs": {
        "nixpkgs-lib": "nixpkgs-lib"
      },
      "locked": {
        "lastModified": 1775087534,
        "narHash": "sha256-91qqW8lhL7TLwgQWijoGBbiD4t7/q75KTi8NxjVmSmA=",
        "owner": "hercules-ci",
        "repo": "flake-parts",
        "rev": "3107b77cd68437b9a76194f0f7f9c55f2329ca5b",
        "type": "github"
      },
      "original": {
        "owner": "hercules-ci",
        "repo": "flake-parts",
        "type": "github"
      }
    },
    "flake-utils": {
      "inputs": {
        "systems": [
          "systems"
        ]
      },
      "locked": {
        "lastModified": 1731533236,
        "narHash": "sha256-l0KFg5HjrsfsO/JpG+r7fRrqm12kzFHyUHqHCVpMMbI=",
        "owner": "numtide",
        "repo": "flake-utils",
        "rev": "11707dc2f618dd54ca8739b309ec4fc024de578b",
        "type": "github"
      },
      "original": {
        "owner": "numtide",
        "repo": "flake-utils",
        "type": "github"
      }
    },
    "gh-graph": {
      "inputs": {
        "flake-parts": [
          "flake-parts"
        ],
        "nixpkgs": [
          "nixpkgs"
        ]
      },
      "locked": {
        "lastModified": 1767343519,
        "narHash": "sha256-YN531o7DQizReE4O5naHLzMSWxllCtxg2p6GJiw7qb0=",
        "owner": "kawarimidoll",
        "repo": "gh-graph",
        "rev": "bf453bad04b994e91fb7a4c220f1924f631b4755",
        "type": "github"
      },
      "original": {
        "owner": "kawarimidoll",
        "repo": "gh-graph",
        "type": "github"
      }
    },
    "gh-prism": {
      "inputs": {
        "git-hooks": [
          "git-hooks"
        ],
        "nixpkgs": [
          "nixpkgs"
        ]
      },
      "locked": {
        "lastModified": 1775529530,
        "narHash": "sha256-kHSqIUw2IbHQVZQOrXBCwGAtfjL+G863pikaKetGTc0=",
        "owner": "kawarimidoll",
        "repo": "gh-prism",
        "rev": "32e679d755e3d124821e42f6f966fbfa3e1c9b88",
        "type": "github"
      },
      "original": {
        "owner": "kawarimidoll",
        "repo": "gh-prism",
        "type": "github"
      }
    },
    "gh-q": {
      "inputs": {
        "flake-parts": [
          "flake-parts"
        ],
        "nixpkgs": [
          "nixpkgs"
        ]
      },
      "locked": {
        "lastModified": 1767073501,
        "narHash": "sha256-jRg8Pbs45UmIuejnrrBxlqvs9p3yN4LO37dK0Mo2ACA=",
        "owner": "kawarimidoll",
        "repo": "gh-q",
        "rev": "d2d2e466c63a074fdf7e731a1f0d807d239f0a6b",
        "type": "github"
      },
      "original": {
        "owner": "kawarimidoll",
        "repo": "gh-q",
        "type": "github"
      }
    },
    "git-hooks": {
      "inputs": {
        "flake-compat": [
          "flake-compat"
        ],
        "gitignore": "gitignore",
        "nixpkgs": [
          "nixpkgs"
        ]
      },
      "locked": {
        "lastModified": 1776796298,
        "narHash": "sha256-PcRvlWayisPSjd0UcRQbhG8Oqw78AcPE6x872cPRHN8=",
        "owner": "cachix",
        "repo": "git-hooks.nix",
        "rev": "3cfd774b0a530725a077e17354fbdb87ea1c4aad",
        "type": "github"
      },
      "original": {
        "owner": "cachix",
        "repo": "git-hooks.nix",
        "type": "github"
      }
    },
    "gitignore": {
      "inputs": {
        "nixpkgs": [
          "git-hooks",
          "nixpkgs"
        ]
      },
      "locked": {
        "lastModified": 1709087332,
        "narHash": "sha256-HG2cCnktfHsKV0s4XW83gU3F57gaTljL9KNSuG6bnQs=",
        "owner": "hercules-ci",
        "repo": "gitignore.nix",
        "rev": "637db329424fd7e46cf4185293b9cc8c88c95394",
        "type": "github"
      },
      "original": {
        "owner": "hercules-ci",
        "repo": "gitignore.nix",
        "type": "github"
      }
    },
    "guard-and-guide": {
      "inputs": {
        "git-hooks": [
          "git-hooks"
        ],
        "nixpkgs": [
          "nixpkgs"
        ]
      },
      "locked": {
        "lastModified": 1777111228,
        "narHash": "sha256-0oeKB8TJswyDMaO/GyToGL00QBgFrHZbN9JlhzdSVSc=",
        "owner": "kawarimidoll",
        "repo": "guard-and-guide",
        "rev": "1e62456cd13ca984b7169162f1a9f8e1783348b1",
        "type": "github"
      },
      "original": {
        "owner": "kawarimidoll",
        "repo": "guard-and-guide",
        "type": "github"
      }
    },
    "hercules-ci-effects": {
      "inputs": {
        "flake-parts": [
          "flake-parts"
        ],
        "nixpkgs": [
          "nixpkgs"
        ]
      },
      "locked": {
        "lastModified": 1776603440,
        "narHash": "sha256-wA+ONiwbvQIy7ERJx/ruhV7y5xku6XKstXCII5bIbdI=",
        "owner": "hercules-ci",
        "repo": "hercules-ci-effects",
        "rev": "e2456ee419f9d75f8382e3d6c5af4690b316a5a8",
        "type": "github"
      },
      "original": {
        "owner": "hercules-ci",
        "repo": "hercules-ci-effects",
        "type": "github"
      }
    },
    "hjkls": {
      "inputs": {
        "git-hooks": [
          "git-hooks"
        ],
        "nixpkgs": [
          "nixpkgs"
        ]
      },
      "locked": {
        "lastModified": 1777092615,
        "narHash": "sha256-DrPz/t5ptBpfb4RvwZ6Hyux4/7G7IvuboNRM1yDAfC8=",
        "owner": "kawarimidoll",
        "repo": "hjkls",
        "rev": "033db272b1c62ca9b0bbf3127125ba8a80829e46",
        "type": "github"
      },
      "original": {
        "owner": "kawarimidoll",
        "repo": "hjkls",
        "type": "github"
      }
    },
    "home-manager": {
      "inputs": {
        "nixpkgs": [
          "nixpkgs"
        ]
      },
      "locked": {
        "lastModified": 1777151655,
        "narHash": "sha256-Th3a5OZyEy4kCoyLfefnt+2dwRIrFQqYgMsayF9qzFw=",
        "owner": "nix-community",
        "repo": "home-manager",
        "rev": "6f59831b23d03bbf4fbd13ad167ae25da294cc14",
        "type": "github"
      },
      "original": {
        "owner": "nix-community",
        "repo": "home-manager",
        "type": "github"
      }
    },
    "import-tree": {
      "locked": {
        "lastModified": 1763762820,
        "narHash": "sha256-ZvYKbFib3AEwiNMLsejb/CWs/OL/srFQ8AogkebEPF0=",
        "owner": "vic",
        "repo": "import-tree",
        "rev": "3c23749d8013ec6daa1d7255057590e9ca726646",
        "type": "github"
      },
      "original": {
        "owner": "vic",
        "repo": "import-tree",
        "type": "github"
      }
    },
    "kakehashi": {
      "inputs": {
        "flake-utils": [
          "flake-utils"
        ],
        "nixpkgs": [
          "nixpkgs"
        ],
        "rust-overlay": [
          "rust-overlay"
        ]
      },
      "locked": {
        "lastModified": 1775694060,
        "narHash": "sha256-dj/pi1heKHO10FzsK39FHx4DSsB3WEWeJ+oSC4lPsJs=",
        "owner": "atusy",
        "repo": "kakehashi",
        "rev": "02b5755c000a73729e055505d34ed079ea5dac19",
        "type": "github"
      },
      "original": {
        "owner": "atusy",
        "repo": "kakehashi",
        "type": "github"
      }
    },
    "koi": {
      "inputs": {
        "git-hooks": [
          "git-hooks"
        ],
        "nixpkgs": [
          "nixpkgs"
        ]
      },
      "locked": {
        "lastModified": 1730015096,
        "narHash": "sha256-04ptBcDtBgQFZorPI+Q3I9CVdUmci1yiFeBwH+w98xE=",
        "owner": "kawarimidoll",
        "repo": "koi",
        "rev": "c413dbb3e16a181b520e83d6dbc5c792ba0140c0",
        "type": "github"
      },
      "original": {
        "owner": "kawarimidoll",
        "repo": "koi",
        "type": "github"
      }
    },
    "llm-agents": {
      "inputs": {
        "blueprint": "blueprint",
        "bun2nix": [
          "bun2nix"
        ],
        "flake-parts": [
          "flake-parts"
        ],
        "nixpkgs": [
          "nixpkgs"
        ],
        "systems": [
          "systems"
        ],
        "treefmt-nix": [
          "treefmt-nix"
        ]
      },
      "locked": {
        "lastModified": 1777183037,
        "narHash": "sha256-vkkjpa04+2BcKPyCr9lAF4swwD+b5sYYYwwjtXMQf1w=",
        "owner": "numtide",
        "repo": "llm-agents.nix",
        "rev": "ac49270ad075183b818bd16b26a0fa44aeebe655",
        "type": "github"
      },
      "original": {
        "owner": "numtide",
        "repo": "llm-agents.nix",
        "type": "github"
      }
    },
    "neovim-nightly-overlay": {
      "inputs": {
        "flake-parts": [
          "flake-parts"
        ],
        "neovim-src": "neovim-src",
        "nixpkgs": [
          "nixpkgs"
        ]
      },
      "locked": {
        "lastModified": 1777162024,
        "narHash": "sha256-D0c1qWtSL49RY5K6cEXf6Bjksbiv5oLRefSwMr9Wh4s=",
        "owner": "nix-community",
        "repo": "neovim-nightly-overlay",
        "rev": "2256cb2eecdce4ad75ac9a0320f874b900c00529",
        "type": "github"
      },
      "original": {
        "owner": "nix-community",
        "repo": "neovim-nightly-overlay",
        "type": "github"
      }
    },
    "neovim-src": {
      "flake": false,
      "locked": {
        "lastModified": 1777159037,
        "narHash": "sha256-k6uBXGmfdvpnpAUUY+jlCnz+MK0HURldSAkNGEMWABk=",
        "owner": "neovim",
        "repo": "neovim",
        "rev": "924dbf10b8e3bbc35eff629d12583bc9c944660b",
        "type": "github"
      },
      "original": {
        "owner": "neovim",
        "repo": "neovim",
        "type": "github"
      }
    },
    "nix-darwin": {
      "inputs": {
        "nixpkgs": [
          "nixpkgs"
        ]
      },
      "locked": {
        "lastModified": 1775037210,
        "narHash": "sha256-KM2WYj6EA7M/FVZVCl3rqWY+TFV5QzSyyGE2gQxeODU=",
        "owner": "nix-darwin",
        "repo": "nix-darwin",
        "rev": "06648f4902343228ce2de79f291dd5a58ee12146",
        "type": "github"
      },
      "original": {
        "owner": "nix-darwin",
        "repo": "nix-darwin",
        "type": "github"
      }
    },
    "nix-index-database": {
      "inputs": {
        "nixpkgs": [
          "nixpkgs"
        ]
      },
      "locked": {
        "lastModified": 1777181277,
        "narHash": "sha256-yVJbd07ortDRAttDFmDV5p220aOLTHgVAx//0nW/xW8=",
        "owner": "nix-community",
        "repo": "nix-index-database",
        "rev": "b8eb7acee0f7604fe1bf6a5b3dcf5254369180fa",
        "type": "github"
      },
      "original": {
        "owner": "nix-community",
        "repo": "nix-index-database",
        "type": "github"
      }
    },
    "nixpkgs": {
      "locked": {
        "lastModified": 1776949667,
        "narHash": "sha256-GMSVw35Q+294GlrTUKlx087E31z7KurReQ1YHSKp5iw=",
        "owner": "NixOS",
        "repo": "nixpkgs",
        "rev": "01fbdeef22b76df85ea168fbfe1bfd9e63681b30",
        "type": "github"
      },
      "original": {
        "owner": "NixOS",
        "ref": "nixpkgs-unstable",
        "repo": "nixpkgs",
        "type": "github"
      }
    },
    "nixpkgs-lib": {
      "locked": {
        "lastModified": 1774748309,
        "narHash": "sha256-+U7gF3qxzwD5TZuANzZPeJTZRHS29OFQgkQ2kiTJBIQ=",
        "owner": "nix-community",
        "repo": "nixpkgs.lib",
        "rev": "333c4e0545a6da976206c74db8773a1645b5870a",
        "type": "github"
      },
      "original": {
        "owner": "nix-community",
        "repo": "nixpkgs.lib",
        "type": "github"
      }
    },
    "nur-packages": {
      "inputs": {
        "nixpkgs": [
          "nixpkgs"
        ]
      },
      "locked": {
        "lastModified": 1777111799,
        "narHash": "sha256-bEENX5/Huq+TPbKlqrq1QIDhzx3DBFEZKBJIF+tC064=",
        "owner": "kawarimidoll",
        "repo": "nur-packages",
        "rev": "e3f495b32877800791892c47258d0e82f6f9a6b6",
        "type": "github"
      },
      "original": {
        "owner": "kawarimidoll",
        "repo": "nur-packages",
        "type": "github"
      }
    },
    "root": {
      "inputs": {
        "arto": "arto",
        "bun2nix": "bun2nix",
        "cage": "cage",
        "crane": "crane",
        "flake-compat": "flake-compat",
        "flake-parts": "flake-parts",
        "flake-utils": "flake-utils",
        "gh-graph": "gh-graph",
        "gh-prism": "gh-prism",
        "gh-q": "gh-q",
        "git-hooks": "git-hooks",
        "guard-and-guide": "guard-and-guide",
        "hercules-ci-effects": "hercules-ci-effects",
        "hjkls": "hjkls",
        "home-manager": "home-manager",
        "kakehashi": "kakehashi",
        "koi": "koi",
        "llm-agents": "llm-agents",
        "neovim-nightly-overlay": "neovim-nightly-overlay",
        "nix-darwin": "nix-darwin",
        "nix-index-database": "nix-index-database",
        "nixpkgs": "nixpkgs",
        "nur-packages": "nur-packages",
        "rust-overlay": "rust-overlay",
        "systems": "systems",
        "treefmt-nix": "treefmt-nix",
        "version-lsp": "version-lsp",
        "vim-overlay": "vim-overlay"
      }
    },
    "rust-overlay": {
      "inputs": {
        "nixpkgs": [
          "nixpkgs"
        ]
      },
      "locked": {
        "lastModified": 1777173302,
        "narHash": "sha256-ERiu3cbxvnTDxiDcimRA7af7xp6x1y0sRyLGm28Qzz8=",
        "owner": "oxalica",
        "repo": "rust-overlay",
        "rev": "aaec8c50baeaf2f2ba653e8aae71778a2bbbac94",
        "type": "github"
      },
      "original": {
        "owner": "oxalica",
        "repo": "rust-overlay",
        "type": "github"
      }
    },
    "systems": {
      "locked": {
        "lastModified": 1681028828,
        "narHash": "sha256-Vy1rq5AaRuLzOxct8nz4T6wlgyUR7zLU309k9mBC768=",
        "owner": "nix-systems",
        "repo": "default",
        "rev": "da67096a3b9bf56a91d16901293e51ba5b49a27e",
        "type": "github"
      },
      "original": {
        "owner": "nix-systems",
        "repo": "default",
        "type": "github"
      }
    },
    "treefmt-nix": {
      "inputs": {
        "nixpkgs": [
          "nixpkgs"
        ]
      },
      "locked": {
        "lastModified": 1775636079,
        "narHash": "sha256-pc20NRoMdiar8oPQceQT47UUZMBTiMdUuWrYu2obUP0=",
        "owner": "numtide",
        "repo": "treefmt-nix",
        "rev": "790751ff7fd3801feeaf96d7dc416a8d581265ba",
        "type": "github"
      },
      "original": {
        "owner": "numtide",
        "repo": "treefmt-nix",
        "type": "github"
      }
    },
    "version-lsp": {
      "inputs": {
        "crane": [
          "crane"
        ],
        "flake-parts": [
          "flake-parts"
        ],
        "nixpkgs": [
          "nixpkgs"
        ],
        "rust-overlay": [
          "rust-overlay"
        ]
      },
      "locked": {
        "lastModified": 1776992866,
        "narHash": "sha256-ZRi7qhy1hePV52TTCmjBzbE1J7m1mcKPvVJHdNF86Vg=",
        "owner": "skanehira",
        "repo": "version-lsp",
        "rev": "c5567b54e977c9fa392498f9ca48df220912bf13",
        "type": "github"
      },
      "original": {
        "owner": "skanehira",
        "repo": "version-lsp",
        "type": "github"
      }
    },
    "vim-overlay": {
      "inputs": {
        "git-hooks": [
          "git-hooks"
        ],
        "nixpkgs": [
          "nixpkgs"
        ],
        "vim-src": "vim-src"
      },
      "locked": {
        "lastModified": 1777180740,
        "narHash": "sha256-TM/nCR1FcPT/PwY6++xzUvc6uBIMJn/QqKsGsUDdFCQ=",
        "owner": "kawarimidoll",
        "repo": "vim-overlay",
        "rev": "46b266cff9c15547c26aefe255dd6ca07de59578",
        "type": "github"
      },
      "original": {
        "owner": "kawarimidoll",
        "repo": "vim-overlay",
        "type": "github"
      }
    },
    "vim-src": {
      "flake": false,
      "locked": {
        "lastModified": 1777139790,
        "narHash": "sha256-OSF5yRmfkZPCW0MmPo0Vi09DwBfzzJmnjUw76VUIa2w=",
        "owner": "vim",
        "repo": "vim",
        "rev": "32a30cb5a0d973863fc6258517af49ef20fbafe5",
        "type": "github"
      },
      "original": {
        "owner": "vim",
        "repo": "vim",
        "type": "github"
      }
    }
  },
  "root": "root",
  "version": 7
}
