{
  "nodes": {
    "arto": {
      "inputs": {
        "crane": [
          "crane"
        ],
        "nixpkgs": [
          "nixpkgs"
        ]
      },
      "locked": {
        "lastModified": 1776486334,
        "narHash": "sha256-iLlXiikBOxWO8sfA2OMNhvG7+u7QOTJS0JCEwcOBmxI=",
        "owner": "arto-app",
        "repo": "Arto",
        "rev": "08d7776d7161b9304c76385dc72aa6b0d403e60f",
        "type": "github"
      },
      "original": {
        "owner": "arto-app",
        "repo": "Arto",
        "type": "github"
      }
    },
    "blueprint": {
      "inputs": {
        "nixpkgs": [
          "llm-agents",
          "nixpkgs"
        ],
        "systems": [
          "llm-agents",
          "systems"
        ]
      },
      "locked": {
        "lastModified": 1776249299,
        "narHash": "sha256-Dt9t1TGRmJFc0xVYhttNBD6QsAgHOHCArqGa0AyjrJY=",
        "owner": "numtide",
        "repo": "blueprint",
        "rev": "56131e8628f173d24a27f6d27c0215eff57e40dd",
        "type": "github"
      },
      "original": {
        "owner": "numtide",
        "repo": "blueprint",
        "type": "github"
      }
    },
    "bun2nix": {
      "inputs": {
        "flake-parts": [
          "flake-parts"
        ],
        "import-tree": "import-tree",
        "nixpkgs": [
          "nixpkgs"
        ],
        "systems": [
          "systems"
        ],
        "treefmt-nix": [
          "treefmt-nix"
        ]
      },
      "locked": {
        "lastModified": 1770895533,
        "narHash": "sha256-v3QaK9ugy9bN9RXDnjw0i2OifKmz2NnKM82agtqm/UY=",
        "owner": "nix-community",
        "repo": "bun2nix",
        "rev": "c843f477b15f51151f8c6bcc886954699440a6e1",
        "type": "github"
      },
      "original": {
        "owner": "nix-community",
        "repo": "bun2nix",
        "type": "github"
      }
    },
    "cage": {
      "inputs": {
        "flake-parts": [
          "flake-parts"
        ],
        "git-hooks": [
          "git-hooks"
        ],
        "nixpkgs": [
          "nixpkgs"
        ],
        "treefmt-nix": [
          "treefmt-nix"
        ]
      },
      "locked": {
        "lastModified": 1772335827,
        "narHash": "sha256-5sbb4zXpGpNRi/7fv+Ggsgu3WRXp65O6zOnio8/0LSg=",
        "owner": "Warashi",
        "repo": "cage",
        "rev": "9105203dabbb1f5d6c21f6bbe58780e755760b9c",
        "type": "github"
      },
      "original": {
        "owner": "Warashi",
        "repo": "cage",
        "type": "github"
      }
    },
    "crane": {
      "locked": {
        "lastModified": 1776533550,
        "narHash": "sha256-8mTHsQ8cB0jGlXE4WWKqpQFQPM/VotDnr2uzfrOGNKI=",
        "owner": "ipetkov",
        "repo": "crane",
        "rev": "e24d86e91348e3d44014974fa24c9a22cfd663b5",
        "type": "github"
      },
      "original": {
        "owner": "ipetkov",
        "repo": "crane",
        "type": "github"
      }
    },
    "flake-compat": {
      "flake": false,
      "locked": {
        "lastModified": 1767039857,
        "narHash": "sha256-vNpUSpF5Nuw8xvDLj2KCwwksIbjua2LZCqhV1LNRDns=",
        "owner": "edolstra",
        "repo": "flake-compat",
        "rev": "5edf11c44bc78a0d334f6334cdaf7d60d732daab",
        "type": "github"
      },
      "original": {
        "owner": "edolstra",
        "repo": "flake-compat",
        "type": "github"
      }
    },
    "flake-parts": {
      "inputs": {
        "nixpkgs-lib": "nixpkgs-lib"
      },
      "locked": {
        "lastModified": 1775087534,
        "narHash": "sha256-91qqW8lhL7TLwgQWijoGBbiD4t7/q75KTi8NxjVmSmA=",
        "owner": "hercules-ci",
        "repo": "flake-parts",
        "rev": "3107b77cd68437b9a76194f0f7f9c55f2329ca5b",
        "type": "github"
      },
      "original": {
        "owner": "hercules-ci",
        "repo": "flake-parts",
        "type": "github"
      }
    },
    "flake-utils": {
      "inputs": {
        "systems": [
          "systems"
        ]
      },
      "locked": {
        "lastModified": 1731533236,
        "narHash": "sha256-l0KFg5HjrsfsO/JpG+r7fRrqm12kzFHyUHqHCVpMMbI=",
        "owner": "numtide",
        "repo": "flake-utils",
        "rev": "11707dc2f618dd54ca8739b309ec4fc024de578b",
        "type": "github"
      },
      "original": {
        "owner": "numtide",
        "repo": "flake-utils",
        "type": "github"
      }
    },
    "gh-graph": {
      "inputs": {
        "flake-parts": [
          "flake-parts"
        ],
        "nixpkgs": [
          "nixpkgs"
        ]
      },
      "locked": {
        "lastModified": 1767343519,
        "narHash": "sha256-YN531o7DQizReE4O5naHLzMSWxllCtxg2p6GJiw7qb0=",
        "owner": "kawarimidoll",
        "repo": "gh-graph",
        "rev": "bf453bad04b994e91fb7a4c220f1924f631b4755",
        "type": "github"
      },
      "original": {
        "owner": "kawarimidoll",
        "repo": "gh-graph",
        "type": "github"
      }
    },
    "gh-prism": {
      "inputs": {
        "git-hooks": [
          "git-hooks"
        ],
        "nixpkgs": [
          "nixpkgs"
        ]
      },
      "locked": {
        "lastModified": 1775529530,
        "narHash": "sha256-kHSqIUw2IbHQVZQOrXBCwGAtfjL+G863pikaKetGTc0=",
        "owner": "kawarimidoll",
        "repo": "gh-prism",
        "rev": "32e679d755e3d124821e42f6f966fbfa3e1c9b88",
        "type": "github"
      },
      "original": {
        "owner": "kawarimidoll",
        "repo": "gh-prism",
        "type": "github"
      }
    },
    "gh-q": {
      "inputs": {
        "flake-parts": [
          "flake-parts"
        ],
        "nixpkgs": [
          "nixpkgs"
        ]
      },
      "locked": {
        "lastModified": 1767073501,
        "narHash": "sha256-jRg8Pbs45UmIuejnrrBxlqvs9p3yN4LO37dK0Mo2ACA=",
        "owner": "kawarimidoll",
        "repo": "gh-q",
        "rev": "d2d2e466c63a074fdf7e731a1f0d807d239f0a6b",
        "type": "github"
      },
      "original": {
        "owner": "kawarimidoll",
        "repo": "gh-q",
        "type": "github"
      }
    },
    "git-hooks": {
      "inputs": {
        "flake-compat": [
          "flake-compat"
        ],
        "gitignore": "gitignore",
        "nixpkgs": [
          "nixpkgs"
        ]
      },
      "locked": {
        "lastModified": 1775585728,
        "narHash": "sha256-8Psjt+TWvE4thRKktJsXfR6PA/fWWsZ04DVaY6PUhr4=",
        "owner": "cachix",
        "repo": "git-hooks.nix",
        "rev": "580633fa3fe5fc0379905986543fd7495481913d",
        "type": "github"
      },
      "original": {
        "owner": "cachix",
        "repo": "git-hooks.nix",
        "type": "github"
      }
    },
    "gitignore": {
      "inputs": {
        "nixpkgs": [
          "git-hooks",
          "nixpkgs"
        ]
      },
      "locked": {
        "lastModified": 1709087332,
        "narHash": "sha256-HG2cCnktfHsKV0s4XW83gU3F57gaTljL9KNSuG6bnQs=",
        "owner": "hercules-ci",
        "repo": "gitignore.nix",
        "rev": "637db329424fd7e46cf4185293b9cc8c88c95394",
        "type": "github"
      },
      "original": {
        "owner": "hercules-ci",
        "repo": "gitignore.nix",
        "type": "github"
      }
    },
    "guard-and-guide": {
      "inputs": {
        "git-hooks": [
          "git-hooks"
        ],
        "nixpkgs": [
          "nixpkgs"
        ]
      },
      "locked": {
        "lastModified": 1776463798,
        "narHash": "sha256-oYqJToSX+9bWStK3URg7HvgSGiqwZo/+7RbarSXbg0Y=",
        "owner": "kawarimidoll",
        "repo": "guard-and-guide",
        "rev": "1087c9e1746dae42baf4bb6146fa69c07b10ff66",
        "type": "github"
      },
      "original": {
        "owner": "kawarimidoll",
        "repo": "guard-and-guide",
        "type": "github"
      }
    },
    "hercules-ci-effects": {
      "inputs": {
        "flake-parts": [
          "flake-parts"
        ],
        "nixpkgs": [
          "nixpkgs"
        ]
      },
      "locked": {
        "lastModified": 1776380511,
        "narHash": "sha256-3A2B8k6YCuzt5pT/CQEltUghtE6heSlk2tMYkg/fUWI=",
        "owner": "hercules-ci",
        "repo": "hercules-ci-effects",
        "rev": "4a80b7e95a298b7bb4418c0a2b55fe95a662c377",
        "type": "github"
      },
      "original": {
        "owner": "hercules-ci",
        "repo": "hercules-ci-effects",
        "type": "github"
      }
    },
    "hjkls": {
      "inputs": {
        "git-hooks": [
          "git-hooks"
        ],
        "nixpkgs": [
          "nixpkgs"
        ]
      },
      "locked": {
        "lastModified": 1776403878,
        "narHash": "sha256-H7SEYvv06hx+pqdk1dGuNVJanPLJg5ZZ61+8tYq++6A=",
        "owner": "kawarimidoll",
        "repo": "hjkls",
        "rev": "1c63dc472edc5abeda9772670b91a62c9adb4f8f",
        "type": "github"
      },
      "original": {
        "owner": "kawarimidoll",
        "repo": "hjkls",
        "type": "github"
      }
    },
    "home-manager": {
      "inputs": {
        "nixpkgs": [
          "nixpkgs"
        ]
      },
      "locked": {
        "lastModified": 1776454077,
        "narHash": "sha256-7zSUFWsU0+jlD7WB3YAxQ84Z/iJurA5hKPm8EfEyGJk=",
        "owner": "nix-community",
        "repo": "home-manager",
        "rev": "565e5349208fe7d0831ef959103c9bafbeac0681",
        "type": "github"
      },
      "original": {
        "owner": "nix-community",
        "repo": "home-manager",
        "type": "github"
      }
    },
    "import-tree": {
      "locked": {
        "lastModified": 1763762820,
        "narHash": "sha256-ZvYKbFib3AEwiNMLsejb/CWs/OL/srFQ8AogkebEPF0=",
        "owner": "vic",
        "repo": "import-tree",
        "rev": "3c23749d8013ec6daa1d7255057590e9ca726646",
        "type": "github"
      },
      "original": {
        "owner": "vic",
        "repo": "import-tree",
        "type": "github"
      }
    },
    "kakehashi": {
      "inputs": {
        "flake-utils": [
          "flake-utils"
        ],
        "nixpkgs": [
          "nixpkgs"
        ],
        "rust-overlay": [
          "rust-overlay"
        ]
      },
      "locked": {
        "lastModified": 1775694060,
        "narHash": "sha256-dj/pi1heKHO10FzsK39FHx4DSsB3WEWeJ+oSC4lPsJs=",
        "owner": "atusy",
        "repo": "kakehashi",
        "rev": "02b5755c000a73729e055505d34ed079ea5dac19",
        "type": "github"
      },
      "original": {
        "owner": "atusy",
        "repo": "kakehashi",
        "type": "github"
      }
    },
    "koi": {
      "inputs": {
        "git-hooks": [
          "git-hooks"
        ],
        "nixpkgs": [
          "nixpkgs"
        ]
      },
      "locked": {
        "lastModified": 1730015096,
        "narHash": "sha256-04ptBcDtBgQFZorPI+Q3I9CVdUmci1yiFeBwH+w98xE=",
        "owner": "kawarimidoll",
        "repo": "koi",
        "rev": "c413dbb3e16a181b520e83d6dbc5c792ba0140c0",
        "type": "github"
      },
      "original": {
        "owner": "kawarimidoll",
        "repo": "koi",
        "type": "github"
      }
    },
    "llm-agents": {
      "inputs": {
        "blueprint": "blueprint",
        "bun2nix": [
          "bun2nix"
        ],
        "flake-parts": [
          "flake-parts"
        ],
        "nixpkgs": [
          "nixpkgs"
        ],
        "systems": [
          "systems"
        ],
        "treefmt-nix": [
          "treefmt-nix"
        ]
      },
      "locked": {
        "lastModified": 1776523700,
        "narHash": "sha256-68F6nNwHcuweEv5XWefCGvBujN4n+oCbuq1ZG+S7pCk=",
        "owner": "numtide",
        "repo": "llm-agents.nix",
        "rev": "e69fff4e65dbdf4a87ee4bdeaa4ea0fe156ae8f5",
        "type": "github"
      },
      "original": {
        "owner": "numtide",
        "repo": "llm-agents.nix",
        "type": "github"
      }
    },
    "neovim-nightly-overlay": {
      "inputs": {
        "flake-parts": [
          "flake-parts"
        ],
        "neovim-src": "neovim-src",
        "nixpkgs": [
          "nixpkgs"
        ]
      },
      "locked": {
        "lastModified": 1776470699,
        "narHash": "sha256-Oj8eI7BLQUyTN0hWfNzlKIaQ+PzJgSpJZGhASffaXbA=",
        "owner": "nix-community",
        "repo": "neovim-nightly-overlay",
        "rev": "c7847dedf82ca60c87731136c170c087359ddaef",
        "type": "github"
      },
      "original": {
        "owner": "nix-community",
        "repo": "neovim-nightly-overlay",
        "type": "github"
      }
    },
    "neovim-src": {
      "flake": false,
      "locked": {
        "lastModified": 1776468492,
        "narHash": "sha256-LKXzZtgk34FJocOZB2WxAAqg+mbdVIfqIRednNqeG0U=",
        "owner": "neovim",
        "repo": "neovim",
        "rev": "674f4b35abe68d0ceb333de0f7103017d5ce915f",
        "type": "github"
      },
      "original": {
        "owner": "neovim",
        "repo": "neovim",
        "type": "github"
      }
    },
    "nix-darwin": {
      "inputs": {
        "nixpkgs": [
          "nixpkgs"
        ]
      },
      "locked": {
        "lastModified": 1775037210,
        "narHash": "sha256-KM2WYj6EA7M/FVZVCl3rqWY+TFV5QzSyyGE2gQxeODU=",
        "owner": "nix-darwin",
        "repo": "nix-darwin",
        "rev": "06648f4902343228ce2de79f291dd5a58ee12146",
        "type": "github"
      },
      "original": {
        "owner": "nix-darwin",
        "repo": "nix-darwin",
        "type": "github"
      }
    },
    "nix-index-database": {
      "inputs": {
        "nixpkgs": [
          "nixpkgs"
        ]
      },
      "locked": {
        "lastModified": 1775970782,
        "narHash": "sha256-7jt9Vpm48Yy5yAWigYpde+HxtYEpEuyzIQJF4VYehhk=",
        "owner": "nix-community",
        "repo": "nix-index-database",
        "rev": "bedba5989b04614fc598af9633033b95a937933f",
        "type": "github"
      },
      "original": {
        "owner": "nix-community",
        "repo": "nix-index-database",
        "type": "github"
      }
    },
    "nixpkgs": {
      "locked": {
        "lastModified": 1776329215,
        "narHash": "sha256-a8BYi3mzoJ/AcJP8UldOx8emoPRLeWqALZWu4ZvjPXw=",
        "owner": "NixOS",
        "repo": "nixpkgs",
        "rev": "b86751bc4085f48661017fa226dee99fab6c651b",
        "type": "github"
      },
      "original": {
        "owner": "NixOS",
        "ref": "nixpkgs-unstable",
        "repo": "nixpkgs",
        "type": "github"
      }
    },
    "nixpkgs-lib": {
      "locked": {
        "lastModified": 1774748309,
        "narHash": "sha256-+U7gF3qxzwD5TZuANzZPeJTZRHS29OFQgkQ2kiTJBIQ=",
        "owner": "nix-community",
        "repo": "nixpkgs.lib",
        "rev": "333c4e0545a6da976206c74db8773a1645b5870a",
        "type": "github"
      },
      "original": {
        "owner": "nix-community",
        "repo": "nixpkgs.lib",
        "type": "github"
      }
    },
    "nur-packages": {
      "inputs": {
        "nixpkgs": [
          "nixpkgs"
        ]
      },
      "locked": {
        "lastModified": 1776406328,
        "narHash": "sha256-HGJb7dwF8Ry7eGbckXTOIh7QjQPQGOL5SADwzYUeIwQ=",
        "owner": "kawarimidoll",
        "repo": "nur-packages",
        "rev": "d1fcb8461c7382d5b193c17073ab059f04931c36",
        "type": "github"
      },
      "original": {
        "owner": "kawarimidoll",
        "repo": "nur-packages",
        "type": "github"
      }
    },
    "root": {
      "inputs": {
        "arto": "arto",
        "bun2nix": "bun2nix",
        "cage": "cage",
        "crane": "crane",
        "flake-compat": "flake-compat",
        "flake-parts": "flake-parts",
        "flake-utils": "flake-utils",
        "gh-graph": "gh-graph",
        "gh-prism": "gh-prism",
        "gh-q": "gh-q",
        "git-hooks": "git-hooks",
        "guard-and-guide": "guard-and-guide",
        "hercules-ci-effects": "hercules-ci-effects",
        "hjkls": "hjkls",
        "home-manager": "home-manager",
        "kakehashi": "kakehashi",
        "koi": "koi",
        "llm-agents": "llm-agents",
        "neovim-nightly-overlay": "neovim-nightly-overlay",
        "nix-darwin": "nix-darwin",
        "nix-index-database": "nix-index-database",
        "nixpkgs": "nixpkgs",
        "nur-packages": "nur-packages",
        "rust-overlay": "rust-overlay",
        "systems": "systems",
        "treefmt-nix": "treefmt-nix",
        "version-lsp": "version-lsp",
        "vim-overlay": "vim-overlay"
      }
    },
    "rust-overlay": {
      "inputs": {
        "nixpkgs": [
          "nixpkgs"
        ]
      },
      "locked": {
        "lastModified": 1776481912,
        "narHash": "sha256-Xq7p+Ex3YHFAd+fFFLOYw2Wv67582X7SAmrEDtIDZQ4=",
        "owner": "oxalica",
        "repo": "rust-overlay",
        "rev": "e611106c527e8ab0adbb641183cda284411d575c",
        "type": "github"
      },
      "original": {
        "owner": "oxalica",
        "repo": "rust-overlay",
        "type": "github"
      }
    },
    "systems": {
      "locked": {
        "lastModified": 1681028828,
        "narHash": "sha256-Vy1rq5AaRuLzOxct8nz4T6wlgyUR7zLU309k9mBC768=",
        "owner": "nix-systems",
        "repo": "default",
        "rev": "da67096a3b9bf56a91d16901293e51ba5b49a27e",
        "type": "github"
      },
      "original": {
        "owner": "nix-systems",
        "repo": "default",
        "type": "github"
      }
    },
    "treefmt-nix": {
      "inputs": {
        "nixpkgs": [
          "nixpkgs"
        ]
      },
      "locked": {
        "lastModified": 1775636079,
        "narHash": "sha256-pc20NRoMdiar8oPQceQT47UUZMBTiMdUuWrYu2obUP0=",
        "owner": "numtide",
        "repo": "treefmt-nix",
        "rev": "790751ff7fd3801feeaf96d7dc416a8d581265ba",
        "type": "github"
      },
      "original": {
        "owner": "numtide",
        "repo": "treefmt-nix",
        "type": "github"
      }
    },
    "version-lsp": {
      "inputs": {
        "crane": [
          "crane"
        ],
        "flake-parts": [
          "flake-parts"
        ],
        "nixpkgs": [
          "nixpkgs"
        ],
        "rust-overlay": [
          "rust-overlay"
        ]
      },
      "locked": {
        "lastModified": 1776137314,
        "narHash": "sha256-/79lPeBUyepcsm7KYYdXzc49BRim6/cdD4NJctsmRfo=",
        "owner": "skanehira",
        "repo": "version-lsp",
        "rev": "0872f548dab930de2d24b572a57f20b67718718e",
        "type": "github"
      },
      "original": {
        "owner": "skanehira",
        "repo": "version-lsp",
        "type": "github"
      }
    },
    "vim-overlay": {
      "inputs": {
        "git-hooks": [
          "git-hooks"
        ],
        "nixpkgs": [
          "nixpkgs"
        ],
        "vim-src": "vim-src"
      },
      "locked": {
        "lastModified": 1776476261,
        "narHash": "sha256-yAFCpdKeX0abWHA1XCBFLG9QQUZfzvulAw8Xg0UPIFY=",
        "owner": "kawarimidoll",
        "repo": "vim-overlay",
        "rev": "1975751ab5a9c15ca370b141faad95e6c577036c",
        "type": "github"
      },
      "original": {
        "owner": "kawarimidoll",
        "repo": "vim-overlay",
        "type": "github"
      }
    },
    "vim-src": {
      "flake": false,
      "locked": {
        "lastModified": 1776438159,
        "narHash": "sha256-WRI4e4q1KPmGZsxw5m1OMHfg02uWiXwUOigSdqgssbI=",
        "owner": "vim",
        "repo": "vim",
        "rev": "30d42855eb7e938883b7bef48477fad65f49107f",
        "type": "github"
      },
      "original": {
        "owner": "vim",
        "repo": "vim",
        "type": "github"
      }
    }
  },
  "root": "root",
  "version": 7
}
